{
  "name": "i2c-sample",
  "version": "1.0.0",
  "lockfileVersion": 1,
  "requires": true,
  "dependencies": {
    "bindings": {
      "version": "1.5.0",
      "resolved": "https://registry.npmjs.org/bindings/-/bindings-1.5.0.tgz",
      "integrity": "sha512-p2q/t/mhvuOj/UeLlV6566GD/guowlr0hHxClI0W9m7MWYkL1F0hLo+0Aexs9HSPCtR1SXQ0TD3MMKrXZajbiQ==",
      "requires": {
        "file-uri-to-path": "1.0.0"
      }
    },
    "bme280-sensor": {
      "version": "0.1.7",
      "resolved": "https://registry.npmjs.org/bme280-sensor/-/bme280-sensor-0.1.7.tgz",
      "integrity": "sha512-8+ss7jXMpRUUaR6bJWcvCt1bwdNqcusGjQtsuSqh5xTEZhJocDX21eo/j1g0zVZW9WEn4JAGNXyGwKTx4/Dj+A==",
      "requires": {
        "i2c-bus": "5.2.0"
      }
    },
    "file-uri-to-path": {
      "version": "1.0.0",
      "resolved": "https://registry.npmjs.org/file-uri-to-path/-/file-uri-to-path-1.0.0.tgz",
      "integrity": "sha512-0Zt+s3L7Vf1biwWZ29aARiVYLx7iMGnEUl9x33fbB/j3jR81u/O2LbqK+Bm1CDSNDKVtJ/YjwY7TUd5SkeLQLw=="
    },
    "i2c-bus": {
      "version": "5.2.0",
      "resolved": "https://registry.npmjs.org/i2c-bus/-/i2c-bus-5.2.0.tgz",
      "integrity": "sha512-VSdNOTL58ioIx+J9JJZZorloKASqrLmXotN2nDfO4zxkJ4L7SbPrWOiOt2Zijs56Xm5LEd9QmJYmUDXcEekpwA==",
      "requires": {
        "bindings": "1.5.0",
        "nan": "2.14.1"
      }
    },
    "nan": {
      "version": "2.14.1",
      "resolved": "https://registry.npmjs.org/nan/-/nan-2.14.1.tgz",
      "integrity": "sha512-isWHgVjnFjh2x2yuJ/tj3JbwoHu3UC2dX5G/88Cm24yB6YopVgxvBObDY7n5xW6ExmFhJpSEQqFPvq9zaXc8Jw=="
    }
  }
}
